<?xml version="1.0" encoding="utf-8"?>
<Project ToolsVersion="4.0" xmlns="http://schemas.microsoft.com/developer/msbuild/2003">
  <ItemGroup>
    <Filter Include="Source Files">
      <UniqueIdentifier>{4FC737F1-C7A5-4376-A066-2A32D752A2FF}</UniqueIdentifier>
      <Extensions>cpp;c;cc;cxx;def;odl;idl;hpj;bat;asm;asmx</Extensions>
    </Filter>
    <Filter Include="Config">
      <UniqueIdentifier>{fab3b458-6aa1-49da-938e-676ac7195f03}</UniqueIdentifier>
    </Filter>
  </ItemGroup>
  <ItemGroup>
    <ClCompile Include="Main.cpp">
      <Filter>Source Files</Filter>
    </ClCompile>
    <ClCompile Include="Reflectpp\ReflectConfig\ReflectConfig.cpp">
      <Filter>Config</Filter>
    </ClCompile>
    <ClCompile Include="Reflectpp\Reflection.cpp">
      <Filter>Source Files</Filter>
    </ClCompile>
    <ClCompile Include="Reflectpp\ReflectionJsonTools.cpp">
      <Filter>Source Files</Filter>
    </ClCompile>
  </ItemGroup>
  <ItemGroup>
    <ClInclude Include="Reflectpp\ReflectConfig\ReflectConfig.h">
      <Filter>Config</Filter>
    </ClInclude>
    <ClInclude Include="Reflectpp\ReflectConfig\ReflectConfigTypes.h">
      <Filter>Config</Filter>
    </ClInclude>
    <ClInclude Include="Reflectpp\EnumReflectData.h">
      <Filter>Source Files</Filter>
    </ClInclude>
    <ClInclude Include="Reflectpp\ReflectDecl.h">
      <Filter>Source Files</Filter>
    </ClInclude>
    <ClInclude Include="Reflectpp\ReflectEnumDecl.h">
      <Filter>Source Files</Filter>
    </ClInclude>
    <ClInclude Include="Reflectpp\ReflectField.h">
      <Filter>Source Files</Filter>
    </ClInclude>
    <ClInclude Include="Reflectpp\ReflectInfo.h">
      <Filter>Source Files</Filter>
    </ClInclude>
    <ClInclude Include="Reflectpp\ReflectInfoIterator.h">
      <Filter>Source Files</Filter>
    </ClInclude>
    <ClInclude Include="Reflectpp\Reflection.h">
      <Filter>Source Files</Filter>
    </ClInclude>
    <ClInclude Include="Reflectpp\ReflectionJsonTools.h">
      <Filter>Source Files</Filter>
    </ClInclude>
    <ClInclude Include="Reflectpp\ReflectProperty.h">
      <Filter>Source Files</Filter>
    </ClInclude>
    <ClInclude Include="Reflectpp\ReflectTools.h">
      <Filter>Source Files</Filter>
    </ClInclude>
    <ClInclude Include="Reflectpp\TypeReflectInfo.h">
      <Filter>Source Files</Filter>
    </ClInclude>
    <ClInclude Include="Reflectpp\VectorHandler.h">
      <Filter>Source Files</Filter>
    </ClInclude>
  </ItemGroup>
</Project>